
Microsoft Visual Studio Solution File, Format Version 12.00
# Visual Studio Version 17
VisualStudioVersion = 17.9.34728.123
MinimumVisualStudioVersion = 10.0.40219.1
Project("{FAE04EC0-301F-11D3-BF4B-00C04F79EFBC}") = "Api", "Api\Api.csproj", "{C51F7E6F-C808-4DD9-9C3C-170857EB3207}"
EndProject
Project("{FAE04EC0-301F-11D3-BF4B-00C04F79EFBC}") = "Api.Test", "Api.Test\Api.Test.csproj", "{317D2A1F-A7C6-4537-9867-584A9BA6D70B}"
EndProject
Global
	GlobalSection(SolutionConfigurationPlatforms) = preSolution
		Debug|Any CPU = Debug|Any CPU
		Release|Any CPU = Release|Any CPU
	EndGlobalSection
	GlobalSection(ProjectConfigurationPlatforms) = postSolution
		{C51F7E6F-C808-4DD9-9C3C-170857EB3207}.Debug|Any CPU.ActiveCfg = Debug|Any CPU
		{C51F7E6F-C808-4DD9-9C3C-170857EB3207}.Debug|Any CPU.Build.0 = Debug|Any CPU
		{C51F7E6F-C808-4DD9-9C3C-170857EB3207}.Release|Any CPU.ActiveCfg = Release|Any CPU
		{C51F7E6F-C808-4DD9-9C3C-170857EB3207}.Release|Any CPU.Build.0 = Release|Any CPU
		{317D2A1F-A7C6-4537-9867-584A9BA6D70B}.Debug|Any CPU.ActiveCfg = Debug|Any CPU
		{317D2A1F-A7C6-4537-9867-584A9BA6D70B}.Debug|Any CPU.Build.0 = Debug|Any CPU
		{317D2A1F-A7C6-4537-9867-584A9BA6D70B}.Release|Any CPU.ActiveCfg = Release|Any CPU
		{317D2A1F-A7C6-4537-9867-584A9BA6D70B}.Release|Any CPU.Build.0 = Release|Any CPU
	EndGlobalSection
	GlobalSection(SolutionProperties) = preSolution
		HideSolutionNode = FALSE
	EndGlobalSection
	GlobalSection(ExtensibilityGlobals) = postSolution
		SolutionGuid = {E84C2969-8D0E-483F-8C1A-1EBAFF2C6A64}
	EndGlobalSection
EndGlobal
